
Microsoft Visual Studio Solution File, Format Version 12.00
# Visual Studio 15
VisualStudioVersion = 15.0.28010.2016
MinimumVisualStudioVersion = 10.0.40219.1
Project("{F2A71F9B-5D33-465A-A702-920D77279786}") = "HandIn_Mark_Oleg_Todor", "HandIn_Mark_Oleg_Todor\HandIn_Mark_Oleg_Todor.fsproj", "{239E0A53-2B68-4F4D-B0F7-8AECB3B9B347}"
EndProject
Global
	GlobalSection(SolutionConfigurationPlatforms) = preSolution
		Debug|Any CPU = Debug|Any CPU
		Release|Any CPU = Release|Any CPU
	EndGlobalSection
	GlobalSection(ProjectConfigurationPlatforms) = postSolution
		{239E0A53-2B68-4F4D-B0F7-8AECB3B9B347}.Debug|Any CPU.ActiveCfg = Debug|Any CPU
		{239E0A53-2B68-4F4D-B0F7-8AECB3B9B347}.Debug|Any CPU.Build.0 = Debug|Any CPU
		{239E0A53-2B68-4F4D-B0F7-8AECB3B9B347}.Release|Any CPU.ActiveCfg = Release|Any CPU
		{239E0A53-2B68-4F4D-B0F7-8AECB3B9B347}.Release|Any CPU.Build.0 = Release|Any CPU
	EndGlobalSection
	GlobalSection(SolutionProperties) = preSolution
		HideSolutionNode = FALSE
	EndGlobalSection
	GlobalSection(ExtensibilityGlobals) = postSolution
		SolutionGuid = {B3C3D345-A239-48C9-8152-BD31D5CC3954}
	EndGlobalSection
EndGlobal
